# This file is automatically @generated by Poetry 1.7.1 and should not be changed by hand.

[[package]]
name = "pysendfile"
version = "2.0.1"
description = "A Python interface to sendfile(2)"
optional = false
python-versions = "*"
files = [
    {file = "pysendfile-2.0.1.tar.gz", hash = "sha256:510a414b270986fba3c79cb76d90a4c910c701bfb43ff983a5d4e92846050e17"},
]

[[package]]
name = "setuptools"
version = "30.1.0"
description = "Easily download, build, install, upgrade, and uninstall Python packages"
optional = false
python-versions = "*"
files = [
    {file = "setuptools-30.1.0-py2.py3-none-any.whl", hash = "sha256:3861f9b31fb4c6e9bdf6e485adcaf982d12dbd45a9108cea7b08817d6fdea18d"},
    {file = "setuptools-30.1.0.tar.gz", hash = "sha256:73c7f183260cec2ef870128c77106ba7a978649b8c4cddc320ec3547615e885f"},
    {file = "setuptools-30.1.0.zip", hash = "sha256:cf8bfab0fe44fa0c2f2b2626cdb938e8023711af053b1c12a2aba319b2f5f8cc"},
]

[package.extras]
certs = ["certifi (==2016.9.26)"]
ssl = ["wincertstore (==0.2)"]

[metadata]
lock-version = "2.0"
python-versions = ">=2.7"
content-hash = "c605e6ca35ac016c9240e22227a1b0070643e603a9fb262cd15ad07f2fa93499"
